
Microsoft Visual Studio Solution File, Format Version 12.00
# Visual Studio Version 17
VisualStudioVersion = 17.9.34622.214
MinimumVisualStudioVersion = 10.0.40219.1
Project("{9A19103F-16F7-4668-BE54-9A1E7A4F7556}") = "Project", "ProjektWsp\Project.csproj", "{3955D065-B088-4ECD-B88F-64472C1869C1}"
EndProject
Project("{9A19103F-16F7-4668-BE54-9A1E7A4F7556}") = "TestProject2", "TestProject2\TestProject2.csproj", "{77A22AB2-A841-4E94-A78B-7EB11C439472}"
EndProject
Project("{9A19103F-16F7-4668-BE54-9A1E7A4F7556}") = "Dane", "Dane\Dane.csproj", "{2A09CDBD-DA48-4920-AF47-A447BC34E6BF}"
EndProject
Project("{9A19103F-16F7-4668-BE54-9A1E7A4F7556}") = "Logika", "Logika\Logika.csproj", "{74EBC916-B34A-42D6-AB15-459929D88975}"
EndProject
Project("{FAE04EC0-301F-11D3-BF4B-00C04F79EFBC}") = "LogicTest", "LogicTest\LogicTest.csproj", "{C1C20270-D450-445D-8FE4-CD58390F6C13}"
EndProject
Project("{FAE04EC0-301F-11D3-BF4B-00C04F79EFBC}") = "DaneTest", "DaneTest\DaneTest.csproj", "{8A825B9E-9435-4DE7-9526-4D80469FCB4E}"
EndProject
Global
	GlobalSection(SolutionConfigurationPlatforms) = preSolution
		Debug|Any CPU = Debug|Any CPU
		Release|Any CPU = Release|Any CPU
	EndGlobalSection
	GlobalSection(ProjectConfigurationPlatforms) = postSolution
		{3955D065-B088-4ECD-B88F-64472C1869C1}.Debug|Any CPU.ActiveCfg = Debug|Any CPU
		{3955D065-B088-4ECD-B88F-64472C1869C1}.Debug|Any CPU.Build.0 = Debug|Any CPU
		{3955D065-B088-4ECD-B88F-64472C1869C1}.Release|Any CPU.ActiveCfg = Release|Any CPU
		{3955D065-B088-4ECD-B88F-64472C1869C1}.Release|Any CPU.Build.0 = Release|Any CPU
		{77A22AB2-A841-4E94-A78B-7EB11C439472}.Debug|Any CPU.ActiveCfg = Debug|Any CPU
		{77A22AB2-A841-4E94-A78B-7EB11C439472}.Debug|Any CPU.Build.0 = Debug|Any CPU
		{77A22AB2-A841-4E94-A78B-7EB11C439472}.Release|Any CPU.ActiveCfg = Release|Any CPU
		{77A22AB2-A841-4E94-A78B-7EB11C439472}.Release|Any CPU.Build.0 = Release|Any CPU
		{2A09CDBD-DA48-4920-AF47-A447BC34E6BF}.Debug|Any CPU.ActiveCfg = Debug|Any CPU
		{2A09CDBD-DA48-4920-AF47-A447BC34E6BF}.Debug|Any CPU.Build.0 = Debug|Any CPU
		{2A09CDBD-DA48-4920-AF47-A447BC34E6BF}.Release|Any CPU.ActiveCfg = Release|Any CPU
		{2A09CDBD-DA48-4920-AF47-A447BC34E6BF}.Release|Any CPU.Build.0 = Release|Any CPU
		{74EBC916-B34A-42D6-AB15-459929D88975}.Debug|Any CPU.ActiveCfg = Debug|Any CPU
		{74EBC916-B34A-42D6-AB15-459929D88975}.Debug|Any CPU.Build.0 = Debug|Any CPU
		{74EBC916-B34A-42D6-AB15-459929D88975}.Release|Any CPU.ActiveCfg = Release|Any CPU
		{74EBC916-B34A-42D6-AB15-459929D88975}.Release|Any CPU.Build.0 = Release|Any CPU
		{C1C20270-D450-445D-8FE4-CD58390F6C13}.Debug|Any CPU.ActiveCfg = Debug|Any CPU
		{C1C20270-D450-445D-8FE4-CD58390F6C13}.Debug|Any CPU.Build.0 = Debug|Any CPU
		{C1C20270-D450-445D-8FE4-CD58390F6C13}.Release|Any CPU.ActiveCfg = Release|Any CPU
		{C1C20270-D450-445D-8FE4-CD58390F6C13}.Release|Any CPU.Build.0 = Release|Any CPU
		{8A825B9E-9435-4DE7-9526-4D80469FCB4E}.Debug|Any CPU.ActiveCfg = Debug|Any CPU
		{8A825B9E-9435-4DE7-9526-4D80469FCB4E}.Debug|Any CPU.Build.0 = Debug|Any CPU
		{8A825B9E-9435-4DE7-9526-4D80469FCB4E}.Release|Any CPU.ActiveCfg = Release|Any CPU
		{8A825B9E-9435-4DE7-9526-4D80469FCB4E}.Release|Any CPU.Build.0 = Release|Any CPU
	EndGlobalSection
	GlobalSection(SolutionProperties) = preSolution
		HideSolutionNode = FALSE
	EndGlobalSection
	GlobalSection(ExtensibilityGlobals) = postSolution
		SolutionGuid = {A8A8F4D9-37DA-494D-B12C-D09CC016B1C0}
	EndGlobalSection
EndGlobal
